
Microsoft Visual Studio Solution File, Format Version 12.00
# Visual Studio Version 16
VisualStudioVersion = 16.0.32407.337
MinimumVisualStudioVersion = 10.0.40219.1
Project("{FAE04EC0-301F-11D3-BF4B-00C04F79EFBC}") = "WPFversion", "WPFversion\WPFversion.csproj", "{A31E7C8E-2C58-4363-AE57-DBEF25A961AA}"
EndProject
Global
	GlobalSection(SolutionConfigurationPlatforms) = preSolution
		Debug|Any CPU = Debug|Any CPU
		Release|Any CPU = Release|Any CPU
	EndGlobalSection
	GlobalSection(ProjectConfigurationPlatforms) = postSolution
		{A31E7C8E-2C58-4363-AE57-DBEF25A961AA}.Debug|Any CPU.ActiveCfg = Debug|Any CPU
		{A31E7C8E-2C58-4363-AE57-DBEF25A961AA}.Debug|Any CPU.Build.0 = Debug|Any CPU
		{A31E7C8E-2C58-4363-AE57-DBEF25A961AA}.Release|Any CPU.ActiveCfg = Release|Any CPU
		{A31E7C8E-2C58-4363-AE57-DBEF25A961AA}.Release|Any CPU.Build.0 = Release|Any CPU
	EndGlobalSection
	GlobalSection(SolutionProperties) = preSolution
		HideSolutionNode = FALSE
	EndGlobalSection
	GlobalSection(ExtensibilityGlobals) = postSolution
		SolutionGuid = {63D0121E-51A5-4DAC-9A81-55C52DB349E5}
	EndGlobalSection
EndGlobal
