
Microsoft Visual Studio Solution File, Format Version 12.00
# Visual Studio Version 17
VisualStudioVersion = 17.0.32112.339
MinimumVisualStudioVersion = 10.0.40219.1
Project("{FAE04EC0-301F-11D3-BF4B-00C04F79EFBC}") = "LovesProjectWPF", "LovesProjectWPF\LovesProjectWPF.csproj", "{B3B59E32-2D2F-4334-B71F-EE26CC55ADF3}"
EndProject
Global
	GlobalSection(SolutionConfigurationPlatforms) = preSolution
		Debug|Any CPU = Debug|Any CPU
		Release|Any CPU = Release|Any CPU
	EndGlobalSection
	GlobalSection(ProjectConfigurationPlatforms) = postSolution
		{B3B59E32-2D2F-4334-B71F-EE26CC55ADF3}.Debug|Any CPU.ActiveCfg = Debug|Any CPU
		{B3B59E32-2D2F-4334-B71F-EE26CC55ADF3}.Debug|Any CPU.Build.0 = Debug|Any CPU
		{B3B59E32-2D2F-4334-B71F-EE26CC55ADF3}.Release|Any CPU.ActiveCfg = Release|Any CPU
		{B3B59E32-2D2F-4334-B71F-EE26CC55ADF3}.Release|Any CPU.Build.0 = Release|Any CPU
	EndGlobalSection
	GlobalSection(SolutionProperties) = preSolution
		HideSolutionNode = FALSE
	EndGlobalSection
	GlobalSection(ExtensibilityGlobals) = postSolution
		SolutionGuid = {A32AC565-0367-4699-8A69-27B85ECC5871}
	EndGlobalSection
EndGlobal
