
Microsoft Visual Studio Solution File, Format Version 12.00
# Visual Studio Version 17
VisualStudioVersion = 17.0.32112.339
MinimumVisualStudioVersion = 10.0.40219.1
Project("{FAE04EC0-301F-11D3-BF4B-00C04F79EFBC}") = "GUI", "GUI\GUI.csproj", "{C016707E-1476-4A1F-BED3-1AD19B9D1EDD}"
EndProject
Global
	GlobalSection(SolutionConfigurationPlatforms) = preSolution
		Debug|Any CPU = Debug|Any CPU
		Release|Any CPU = Release|Any CPU
	EndGlobalSection
	GlobalSection(ProjectConfigurationPlatforms) = postSolution
		{C016707E-1476-4A1F-BED3-1AD19B9D1EDD}.Debug|Any CPU.ActiveCfg = Debug|Any CPU
		{C016707E-1476-4A1F-BED3-1AD19B9D1EDD}.Debug|Any CPU.Build.0 = Debug|Any CPU
		{C016707E-1476-4A1F-BED3-1AD19B9D1EDD}.Release|Any CPU.ActiveCfg = Release|Any CPU
		{C016707E-1476-4A1F-BED3-1AD19B9D1EDD}.Release|Any CPU.Build.0 = Release|Any CPU
	EndGlobalSection
	GlobalSection(SolutionProperties) = preSolution
		HideSolutionNode = FALSE
	EndGlobalSection
	GlobalSection(ExtensibilityGlobals) = postSolution
		SolutionGuid = {62A95AC0-4867-444E-BD91-9FD866F6630B}
	EndGlobalSection
EndGlobal
